
Microsoft Visual Studio Solution File, Format Version 12.00
# Visual Studio 15
VisualStudioVersion = 15.0.26124.0
MinimumVisualStudioVersion = 15.0.26124.0
Project("{FAE04EC0-301F-11D3-BF4B-00C04F79EFBC}") = "ex11", "ex11\ex11.csproj", "{8F3FCBA1-64AE-4FC2-8E57-1CB72BDC75EA}"
EndProject
Project("{FAE04EC0-301F-11D3-BF4B-00C04F79EFBC}") = "ex12", "ex12\ex12.csproj", "{37BC13BB-A9AA-419D-B433-6388E7F8E79E}"
EndProject
Project("{FAE04EC0-301F-11D3-BF4B-00C04F79EFBC}") = "ex13", "ex13\ex13.csproj", "{20D1D01D-B6F3-4518-B1BD-4D4FC12C0DCA}"
EndProject
Project("{FAE04EC0-301F-11D3-BF4B-00C04F79EFBC}") = "ex14", "ex14\ex14.csproj", "{850EDDF9-44E2-483B-985A-77D66DDB7DED}"
EndProject
Project("{FAE04EC0-301F-11D3-BF4B-00C04F79EFBC}") = "ex21", "ex21\ex21.csproj", "{79E97CEA-1DA7-4D6E-A32D-A1EA0C347F6D}"
EndProject
Project("{FAE04EC0-301F-11D3-BF4B-00C04F79EFBC}") = "ex22", "ex22\ex22.csproj", "{3798970E-149F-456E-BD0F-18D87A613D9D}"
EndProject
Project("{FAE04EC0-301F-11D3-BF4B-00C04F79EFBC}") = "ex31", "ex31\ex31.csproj", "{D81B7F12-7546-47EB-B1D1-9BF43C37969A}"
EndProject
Project("{FAE04EC0-301F-11D3-BF4B-00C04F79EFBC}") = "ex32", "ex32\ex32.csproj", "{7939BA3D-A379-43EC-9CFB-98858E4EB3B3}"
EndProject
Project("{FAE04EC0-301F-11D3-BF4B-00C04F79EFBC}") = "ex33", "ex33\ex33.csproj", "{51D1DF63-737C-4EE3-9C40-F582EFB68C77}"
EndProject
Project("{FAE04EC0-301F-11D3-BF4B-00C04F79EFBC}") = "ex41", "ex41\ex41.csproj", "{0B6703CB-852B-43F2-A0C4-395FF00C02C2}"
EndProject
Project("{FAE04EC0-301F-11D3-BF4B-00C04F79EFBC}") = "ex42", "ex42\ex42.csproj", "{3DC84B51-30E2-4AB3-9E71-D30728CE63E2}"
EndProject
Project("{FAE04EC0-301F-11D3-BF4B-00C04F79EFBC}") = "ex43", "ex43\ex43.csproj", "{885666FE-8FAD-4997-A0CF-D12EEEF1F945}"
EndProject
Project("{FAE04EC0-301F-11D3-BF4B-00C04F79EFBC}") = "ex51", "ex51\ex51.csproj", "{4597FF85-ED06-4C93-8FE9-941227A1FC62}"
EndProject
Project("{FAE04EC0-301F-11D3-BF4B-00C04F79EFBC}") = "ex61", "ex61\ex61.csproj", "{5807535B-50F5-4953-9F60-2DD087967BD6}"
EndProject
Project("{FAE04EC0-301F-11D3-BF4B-00C04F79EFBC}") = "ex62", "ex62\ex62.csproj", "{42700B0A-BCA0-4B42-B0C0-31E812E32E8A}"
EndProject
Global
	GlobalSection(SolutionConfigurationPlatforms) = preSolution
		Debug|Any CPU = Debug|Any CPU
		Debug|x64 = Debug|x64
		Debug|x86 = Debug|x86
		Release|Any CPU = Release|Any CPU
		Release|x64 = Release|x64
		Release|x86 = Release|x86
	EndGlobalSection
	GlobalSection(SolutionProperties) = preSolution
		HideSolutionNode = FALSE
	EndGlobalSection
	GlobalSection(ProjectConfigurationPlatforms) = postSolution
		{8F3FCBA1-64AE-4FC2-8E57-1CB72BDC75EA}.Debug|Any CPU.ActiveCfg = Debug|Any CPU
		{8F3FCBA1-64AE-4FC2-8E57-1CB72BDC75EA}.Debug|Any CPU.Build.0 = Debug|Any CPU
		{8F3FCBA1-64AE-4FC2-8E57-1CB72BDC75EA}.Debug|x64.ActiveCfg = Debug|x64
		{8F3FCBA1-64AE-4FC2-8E57-1CB72BDC75EA}.Debug|x64.Build.0 = Debug|x64
		{8F3FCBA1-64AE-4FC2-8E57-1CB72BDC75EA}.Debug|x86.ActiveCfg = Debug|x86
		{8F3FCBA1-64AE-4FC2-8E57-1CB72BDC75EA}.Debug|x86.Build.0 = Debug|x86
		{8F3FCBA1-64AE-4FC2-8E57-1CB72BDC75EA}.Release|Any CPU.ActiveCfg = Release|Any CPU
		{8F3FCBA1-64AE-4FC2-8E57-1CB72BDC75EA}.Release|Any CPU.Build.0 = Release|Any CPU
		{8F3FCBA1-64AE-4FC2-8E57-1CB72BDC75EA}.Release|x64.ActiveCfg = Release|x64
		{8F3FCBA1-64AE-4FC2-8E57-1CB72BDC75EA}.Release|x64.Build.0 = Release|x64
		{8F3FCBA1-64AE-4FC2-8E57-1CB72BDC75EA}.Release|x86.ActiveCfg = Release|x86
		{8F3FCBA1-64AE-4FC2-8E57-1CB72BDC75EA}.Release|x86.Build.0 = Release|x86
		{37BC13BB-A9AA-419D-B433-6388E7F8E79E}.Debug|Any CPU.ActiveCfg = Debug|Any CPU
		{37BC13BB-A9AA-419D-B433-6388E7F8E79E}.Debug|Any CPU.Build.0 = Debug|Any CPU
		{37BC13BB-A9AA-419D-B433-6388E7F8E79E}.Debug|x64.ActiveCfg = Debug|x64
		{37BC13BB-A9AA-419D-B433-6388E7F8E79E}.Debug|x64.Build.0 = Debug|x64
		{37BC13BB-A9AA-419D-B433-6388E7F8E79E}.Debug|x86.ActiveCfg = Debug|x86
		{37BC13BB-A9AA-419D-B433-6388E7F8E79E}.Debug|x86.Build.0 = Debug|x86
		{37BC13BB-A9AA-419D-B433-6388E7F8E79E}.Release|Any CPU.ActiveCfg = Release|Any CPU
		{37BC13BB-A9AA-419D-B433-6388E7F8E79E}.Release|Any CPU.Build.0 = Release|Any CPU
		{37BC13BB-A9AA-419D-B433-6388E7F8E79E}.Release|x64.ActiveCfg = Release|x64
		{37BC13BB-A9AA-419D-B433-6388E7F8E79E}.Release|x64.Build.0 = Release|x64
		{37BC13BB-A9AA-419D-B433-6388E7F8E79E}.Release|x86.ActiveCfg = Release|x86
		{37BC13BB-A9AA-419D-B433-6388E7F8E79E}.Release|x86.Build.0 = Release|x86
		{20D1D01D-B6F3-4518-B1BD-4D4FC12C0DCA}.Debug|Any CPU.ActiveCfg = Debug|Any CPU
		{20D1D01D-B6F3-4518-B1BD-4D4FC12C0DCA}.Debug|Any CPU.Build.0 = Debug|Any CPU
		{20D1D01D-B6F3-4518-B1BD-4D4FC12C0DCA}.Debug|x64.ActiveCfg = Debug|x64
		{20D1D01D-B6F3-4518-B1BD-4D4FC12C0DCA}.Debug|x64.Build.0 = Debug|x64
		{20D1D01D-B6F3-4518-B1BD-4D4FC12C0DCA}.Debug|x86.ActiveCfg = Debug|x86
		{20D1D01D-B6F3-4518-B1BD-4D4FC12C0DCA}.Debug|x86.Build.0 = Debug|x86
		{20D1D01D-B6F3-4518-B1BD-4D4FC12C0DCA}.Release|Any CPU.ActiveCfg = Release|Any CPU
		{20D1D01D-B6F3-4518-B1BD-4D4FC12C0DCA}.Release|Any CPU.Build.0 = Release|Any CPU
		{20D1D01D-B6F3-4518-B1BD-4D4FC12C0DCA}.Release|x64.ActiveCfg = Release|x64
		{20D1D01D-B6F3-4518-B1BD-4D4FC12C0DCA}.Release|x64.Build.0 = Release|x64
		{20D1D01D-B6F3-4518-B1BD-4D4FC12C0DCA}.Release|x86.ActiveCfg = Release|x86
		{20D1D01D-B6F3-4518-B1BD-4D4FC12C0DCA}.Release|x86.Build.0 = Release|x86
		{850EDDF9-44E2-483B-985A-77D66DDB7DED}.Debug|Any CPU.ActiveCfg = Debug|Any CPU
		{850EDDF9-44E2-483B-985A-77D66DDB7DED}.Debug|Any CPU.Build.0 = Debug|Any CPU
		{850EDDF9-44E2-483B-985A-77D66DDB7DED}.Debug|x64.ActiveCfg = Debug|x64
		{850EDDF9-44E2-483B-985A-77D66DDB7DED}.Debug|x64.Build.0 = Debug|x64
		{850EDDF9-44E2-483B-985A-77D66DDB7DED}.Debug|x86.ActiveCfg = Debug|x86
		{850EDDF9-44E2-483B-985A-77D66DDB7DED}.Debug|x86.Build.0 = Debug|x86
		{850EDDF9-44E2-483B-985A-77D66DDB7DED}.Release|Any CPU.ActiveCfg = Release|Any CPU
		{850EDDF9-44E2-483B-985A-77D66DDB7DED}.Release|Any CPU.Build.0 = Release|Any CPU
		{850EDDF9-44E2-483B-985A-77D66DDB7DED}.Release|x64.ActiveCfg = Release|x64
		{850EDDF9-44E2-483B-985A-77D66DDB7DED}.Release|x64.Build.0 = Release|x64
		{850EDDF9-44E2-483B-985A-77D66DDB7DED}.Release|x86.ActiveCfg = Release|x86
		{850EDDF9-44E2-483B-985A-77D66DDB7DED}.Release|x86.Build.0 = Release|x86
		{79E97CEA-1DA7-4D6E-A32D-A1EA0C347F6D}.Debug|Any CPU.ActiveCfg = Debug|Any CPU
		{79E97CEA-1DA7-4D6E-A32D-A1EA0C347F6D}.Debug|Any CPU.Build.0 = Debug|Any CPU
		{79E97CEA-1DA7-4D6E-A32D-A1EA0C347F6D}.Debug|x64.ActiveCfg = Debug|x64
		{79E97CEA-1DA7-4D6E-A32D-A1EA0C347F6D}.Debug|x64.Build.0 = Debug|x64
		{79E97CEA-1DA7-4D6E-A32D-A1EA0C347F6D}.Debug|x86.ActiveCfg = Debug|x86
		{79E97CEA-1DA7-4D6E-A32D-A1EA0C347F6D}.Debug|x86.Build.0 = Debug|x86
		{79E97CEA-1DA7-4D6E-A32D-A1EA0C347F6D}.Release|Any CPU.ActiveCfg = Release|Any CPU
		{79E97CEA-1DA7-4D6E-A32D-A1EA0C347F6D}.Release|Any CPU.Build.0 = Release|Any CPU
		{79E97CEA-1DA7-4D6E-A32D-A1EA0C347F6D}.Release|x64.ActiveCfg = Release|x64
		{79E97CEA-1DA7-4D6E-A32D-A1EA0C347F6D}.Release|x64.Build.0 = Release|x64
		{79E97CEA-1DA7-4D6E-A32D-A1EA0C347F6D}.Release|x86.ActiveCfg = Release|x86
		{79E97CEA-1DA7-4D6E-A32D-A1EA0C347F6D}.Release|x86.Build.0 = Release|x86
		{3798970E-149F-456E-BD0F-18D87A613D9D}.Debug|Any CPU.ActiveCfg = Debug|Any CPU
		{3798970E-149F-456E-BD0F-18D87A613D9D}.Debug|Any CPU.Build.0 = Debug|Any CPU
		{3798970E-149F-456E-BD0F-18D87A613D9D}.Debug|x64.ActiveCfg = Debug|x64
		{3798970E-149F-456E-BD0F-18D87A613D9D}.Debug|x64.Build.0 = Debug|x64
		{3798970E-149F-456E-BD0F-18D87A613D9D}.Debug|x86.ActiveCfg = Debug|x86
		{3798970E-149F-456E-BD0F-18D87A613D9D}.Debug|x86.Build.0 = Debug|x86
		{3798970E-149F-456E-BD0F-18D87A613D9D}.Release|Any CPU.ActiveCfg = Release|Any CPU
		{3798970E-149F-456E-BD0F-18D87A613D9D}.Release|Any CPU.Build.0 = Release|Any CPU
		{3798970E-149F-456E-BD0F-18D87A613D9D}.Release|x64.ActiveCfg = Release|x64
		{3798970E-149F-456E-BD0F-18D87A613D9D}.Release|x64.Build.0 = Release|x64
		{3798970E-149F-456E-BD0F-18D87A613D9D}.Release|x86.ActiveCfg = Release|x86
		{3798970E-149F-456E-BD0F-18D87A613D9D}.Release|x86.Build.0 = Release|x86
		{D81B7F12-7546-47EB-B1D1-9BF43C37969A}.Debug|Any CPU.ActiveCfg = Debug|Any CPU
		{D81B7F12-7546-47EB-B1D1-9BF43C37969A}.Debug|Any CPU.Build.0 = Debug|Any CPU
		{D81B7F12-7546-47EB-B1D1-9BF43C37969A}.Debug|x64.ActiveCfg = Debug|x64
		{D81B7F12-7546-47EB-B1D1-9BF43C37969A}.Debug|x64.Build.0 = Debug|x64
		{D81B7F12-7546-47EB-B1D1-9BF43C37969A}.Debug|x86.ActiveCfg = Debug|x86
		{D81B7F12-7546-47EB-B1D1-9BF43C37969A}.Debug|x86.Build.0 = Debug|x86
		{D81B7F12-7546-47EB-B1D1-9BF43C37969A}.Release|Any CPU.ActiveCfg = Release|Any CPU
		{D81B7F12-7546-47EB-B1D1-9BF43C37969A}.Release|Any CPU.Build.0 = Release|Any CPU
		{D81B7F12-7546-47EB-B1D1-9BF43C37969A}.Release|x64.ActiveCfg = Release|x64
		{D81B7F12-7546-47EB-B1D1-9BF43C37969A}.Release|x64.Build.0 = Release|x64
		{D81B7F12-7546-47EB-B1D1-9BF43C37969A}.Release|x86.ActiveCfg = Release|x86
		{D81B7F12-7546-47EB-B1D1-9BF43C37969A}.Release|x86.Build.0 = Release|x86
		{7939BA3D-A379-43EC-9CFB-98858E4EB3B3}.Debug|Any CPU.ActiveCfg = Debug|Any CPU
		{7939BA3D-A379-43EC-9CFB-98858E4EB3B3}.Debug|Any CPU.Build.0 = Debug|Any CPU
		{7939BA3D-A379-43EC-9CFB-98858E4EB3B3}.Debug|x64.ActiveCfg = Debug|x64
		{7939BA3D-A379-43EC-9CFB-98858E4EB3B3}.Debug|x64.Build.0 = Debug|x64
		{7939BA3D-A379-43EC-9CFB-98858E4EB3B3}.Debug|x86.ActiveCfg = Debug|x86
		{7939BA3D-A379-43EC-9CFB-98858E4EB3B3}.Debug|x86.Build.0 = Debug|x86
		{7939BA3D-A379-43EC-9CFB-98858E4EB3B3}.Release|Any CPU.ActiveCfg = Release|Any CPU
		{7939BA3D-A379-43EC-9CFB-98858E4EB3B3}.Release|Any CPU.Build.0 = Release|Any CPU
		{7939BA3D-A379-43EC-9CFB-98858E4EB3B3}.Release|x64.ActiveCfg = Release|x64
		{7939BA3D-A379-43EC-9CFB-98858E4EB3B3}.Release|x64.Build.0 = Release|x64
		{7939BA3D-A379-43EC-9CFB-98858E4EB3B3}.Release|x86.ActiveCfg = Release|x86
		{7939BA3D-A379-43EC-9CFB-98858E4EB3B3}.Release|x86.Build.0 = Release|x86
		{51D1DF63-737C-4EE3-9C40-F582EFB68C77}.Debug|Any CPU.ActiveCfg = Debug|Any CPU
		{51D1DF63-737C-4EE3-9C40-F582EFB68C77}.Debug|Any CPU.Build.0 = Debug|Any CPU
		{51D1DF63-737C-4EE3-9C40-F582EFB68C77}.Debug|x64.ActiveCfg = Debug|x64
		{51D1DF63-737C-4EE3-9C40-F582EFB68C77}.Debug|x64.Build.0 = Debug|x64
		{51D1DF63-737C-4EE3-9C40-F582EFB68C77}.Debug|x86.ActiveCfg = Debug|x86
		{51D1DF63-737C-4EE3-9C40-F582EFB68C77}.Debug|x86.Build.0 = Debug|x86
		{51D1DF63-737C-4EE3-9C40-F582EFB68C77}.Release|Any CPU.ActiveCfg = Release|Any CPU
		{51D1DF63-737C-4EE3-9C40-F582EFB68C77}.Release|Any CPU.Build.0 = Release|Any CPU
		{51D1DF63-737C-4EE3-9C40-F582EFB68C77}.Release|x64.ActiveCfg = Release|x64
		{51D1DF63-737C-4EE3-9C40-F582EFB68C77}.Release|x64.Build.0 = Release|x64
		{51D1DF63-737C-4EE3-9C40-F582EFB68C77}.Release|x86.ActiveCfg = Release|x86
		{51D1DF63-737C-4EE3-9C40-F582EFB68C77}.Release|x86.Build.0 = Release|x86
		{0B6703CB-852B-43F2-A0C4-395FF00C02C2}.Debug|Any CPU.ActiveCfg = Debug|Any CPU
		{0B6703CB-852B-43F2-A0C4-395FF00C02C2}.Debug|Any CPU.Build.0 = Debug|Any CPU
		{0B6703CB-852B-43F2-A0C4-395FF00C02C2}.Debug|x64.ActiveCfg = Debug|x64
		{0B6703CB-852B-43F2-A0C4-395FF00C02C2}.Debug|x64.Build.0 = Debug|x64
		{0B6703CB-852B-43F2-A0C4-395FF00C02C2}.Debug|x86.ActiveCfg = Debug|x86
		{0B6703CB-852B-43F2-A0C4-395FF00C02C2}.Debug|x86.Build.0 = Debug|x86
		{0B6703CB-852B-43F2-A0C4-395FF00C02C2}.Release|Any CPU.ActiveCfg = Release|Any CPU
		{0B6703CB-852B-43F2-A0C4-395FF00C02C2}.Release|Any CPU.Build.0 = Release|Any CPU
		{0B6703CB-852B-43F2-A0C4-395FF00C02C2}.Release|x64.ActiveCfg = Release|x64
		{0B6703CB-852B-43F2-A0C4-395FF00C02C2}.Release|x64.Build.0 = Release|x64
		{0B6703CB-852B-43F2-A0C4-395FF00C02C2}.Release|x86.ActiveCfg = Release|x86
		{0B6703CB-852B-43F2-A0C4-395FF00C02C2}.Release|x86.Build.0 = Release|x86
		{3DC84B51-30E2-4AB3-9E71-D30728CE63E2}.Debug|Any CPU.ActiveCfg = Debug|Any CPU
		{3DC84B51-30E2-4AB3-9E71-D30728CE63E2}.Debug|Any CPU.Build.0 = Debug|Any CPU
		{3DC84B51-30E2-4AB3-9E71-D30728CE63E2}.Debug|x64.ActiveCfg = Debug|x64
		{3DC84B51-30E2-4AB3-9E71-D30728CE63E2}.Debug|x64.Build.0 = Debug|x64
		{3DC84B51-30E2-4AB3-9E71-D30728CE63E2}.Debug|x86.ActiveCfg = Debug|x86
		{3DC84B51-30E2-4AB3-9E71-D30728CE63E2}.Debug|x86.Build.0 = Debug|x86
		{3DC84B51-30E2-4AB3-9E71-D30728CE63E2}.Release|Any CPU.ActiveCfg = Release|Any CPU
		{3DC84B51-30E2-4AB3-9E71-D30728CE63E2}.Release|Any CPU.Build.0 = Release|Any CPU
		{3DC84B51-30E2-4AB3-9E71-D30728CE63E2}.Release|x64.ActiveCfg = Release|x64
		{3DC84B51-30E2-4AB3-9E71-D30728CE63E2}.Release|x64.Build.0 = Release|x64
		{3DC84B51-30E2-4AB3-9E71-D30728CE63E2}.Release|x86.ActiveCfg = Release|x86
		{3DC84B51-30E2-4AB3-9E71-D30728CE63E2}.Release|x86.Build.0 = Release|x86
		{885666FE-8FAD-4997-A0CF-D12EEEF1F945}.Debug|Any CPU.ActiveCfg = Debug|Any CPU
		{885666FE-8FAD-4997-A0CF-D12EEEF1F945}.Debug|Any CPU.Build.0 = Debug|Any CPU
		{885666FE-8FAD-4997-A0CF-D12EEEF1F945}.Debug|x64.ActiveCfg = Debug|x64
		{885666FE-8FAD-4997-A0CF-D12EEEF1F945}.Debug|x64.Build.0 = Debug|x64
		{885666FE-8FAD-4997-A0CF-D12EEEF1F945}.Debug|x86.ActiveCfg = Debug|x86
		{885666FE-8FAD-4997-A0CF-D12EEEF1F945}.Debug|x86.Build.0 = Debug|x86
		{885666FE-8FAD-4997-A0CF-D12EEEF1F945}.Release|Any CPU.ActiveCfg = Release|Any CPU
		{885666FE-8FAD-4997-A0CF-D12EEEF1F945}.Release|Any CPU.Build.0 = Release|Any CPU
		{885666FE-8FAD-4997-A0CF-D12EEEF1F945}.Release|x64.ActiveCfg = Release|x64
		{885666FE-8FAD-4997-A0CF-D12EEEF1F945}.Release|x64.Build.0 = Release|x64
		{885666FE-8FAD-4997-A0CF-D12EEEF1F945}.Release|x86.ActiveCfg = Release|x86
		{885666FE-8FAD-4997-A0CF-D12EEEF1F945}.Release|x86.Build.0 = Release|x86
		{4597FF85-ED06-4C93-8FE9-941227A1FC62}.Debug|Any CPU.ActiveCfg = Debug|Any CPU
		{4597FF85-ED06-4C93-8FE9-941227A1FC62}.Debug|Any CPU.Build.0 = Debug|Any CPU
		{4597FF85-ED06-4C93-8FE9-941227A1FC62}.Debug|x64.ActiveCfg = Debug|x64
		{4597FF85-ED06-4C93-8FE9-941227A1FC62}.Debug|x64.Build.0 = Debug|x64
		{4597FF85-ED06-4C93-8FE9-941227A1FC62}.Debug|x86.ActiveCfg = Debug|x86
		{4597FF85-ED06-4C93-8FE9-941227A1FC62}.Debug|x86.Build.0 = Debug|x86
		{4597FF85-ED06-4C93-8FE9-941227A1FC62}.Release|Any CPU.ActiveCfg = Release|Any CPU
		{4597FF85-ED06-4C93-8FE9-941227A1FC62}.Release|Any CPU.Build.0 = Release|Any CPU
		{4597FF85-ED06-4C93-8FE9-941227A1FC62}.Release|x64.ActiveCfg = Release|x64
		{4597FF85-ED06-4C93-8FE9-941227A1FC62}.Release|x64.Build.0 = Release|x64
		{4597FF85-ED06-4C93-8FE9-941227A1FC62}.Release|x86.ActiveCfg = Release|x86
		{4597FF85-ED06-4C93-8FE9-941227A1FC62}.Release|x86.Build.0 = Release|x86
		{5807535B-50F5-4953-9F60-2DD087967BD6}.Debug|Any CPU.ActiveCfg = Debug|Any CPU
		{5807535B-50F5-4953-9F60-2DD087967BD6}.Debug|Any CPU.Build.0 = Debug|Any CPU
		{5807535B-50F5-4953-9F60-2DD087967BD6}.Debug|x64.ActiveCfg = Debug|x64
		{5807535B-50F5-4953-9F60-2DD087967BD6}.Debug|x64.Build.0 = Debug|x64
		{5807535B-50F5-4953-9F60-2DD087967BD6}.Debug|x86.ActiveCfg = Debug|x86
		{5807535B-50F5-4953-9F60-2DD087967BD6}.Debug|x86.Build.0 = Debug|x86
		{5807535B-50F5-4953-9F60-2DD087967BD6}.Release|Any CPU.ActiveCfg = Release|Any CPU
		{5807535B-50F5-4953-9F60-2DD087967BD6}.Release|Any CPU.Build.0 = Release|Any CPU
		{5807535B-50F5-4953-9F60-2DD087967BD6}.Release|x64.ActiveCfg = Release|x64
		{5807535B-50F5-4953-9F60-2DD087967BD6}.Release|x64.Build.0 = Release|x64
		{5807535B-50F5-4953-9F60-2DD087967BD6}.Release|x86.ActiveCfg = Release|x86
		{5807535B-50F5-4953-9F60-2DD087967BD6}.Release|x86.Build.0 = Release|x86
		{42700B0A-BCA0-4B42-B0C0-31E812E32E8A}.Debug|Any CPU.ActiveCfg = Debug|Any CPU
		{42700B0A-BCA0-4B42-B0C0-31E812E32E8A}.Debug|Any CPU.Build.0 = Debug|Any CPU
		{42700B0A-BCA0-4B42-B0C0-31E812E32E8A}.Debug|x64.ActiveCfg = Debug|x64
		{42700B0A-BCA0-4B42-B0C0-31E812E32E8A}.Debug|x64.Build.0 = Debug|x64
		{42700B0A-BCA0-4B42-B0C0-31E812E32E8A}.Debug|x86.ActiveCfg = Debug|x86
		{42700B0A-BCA0-4B42-B0C0-31E812E32E8A}.Debug|x86.Build.0 = Debug|x86
		{42700B0A-BCA0-4B42-B0C0-31E812E32E8A}.Release|Any CPU.ActiveCfg = Release|Any CPU
		{42700B0A-BCA0-4B42-B0C0-31E812E32E8A}.Release|Any CPU.Build.0 = Release|Any CPU
		{42700B0A-BCA0-4B42-B0C0-31E812E32E8A}.Release|x64.ActiveCfg = Release|x64
		{42700B0A-BCA0-4B42-B0C0-31E812E32E8A}.Release|x64.Build.0 = Release|x64
		{42700B0A-BCA0-4B42-B0C0-31E812E32E8A}.Release|x86.ActiveCfg = Release|x86
		{42700B0A-BCA0-4B42-B0C0-31E812E32E8A}.Release|x86.Build.0 = Release|x86
	EndGlobalSection
EndGlobal
