
Microsoft Visual Studio Solution File, Format Version 12.00
# Visual Studio 14
VisualStudioVersion = 14.0.25420.1
MinimumVisualStudioVersion = 10.0.40219.1
Project("{FAE04EC0-301F-11D3-BF4B-00C04F79EFBC}") = "作业1_1", "作业1_1\作业1_1.csproj", "{D8F9AC6F-B05F-4D22-AC2B-2896926E0237}"
EndProject
Project("{FAE04EC0-301F-11D3-BF4B-00C04F79EFBC}") = "作业1_2", "作业1_2\作业1_2.csproj", "{AA8B0E49-111D-487C-8CF2-32F8B56391F2}"
EndProject
Project("{FAE04EC0-301F-11D3-BF4B-00C04F79EFBC}") = "作业1_3", "作业1_3\作业1_3.csproj", "{AEE748A3-2C51-4DAF-BBD6-4C9C0FBB9EB5}"
EndProject
Project("{FAE04EC0-301F-11D3-BF4B-00C04F79EFBC}") = "作业1_4", "作业1_4\作业1_4.csproj", "{4BA80E4E-8435-486A-92A3-D4B17F57FD78}"
EndProject
Project("{FAE04EC0-301F-11D3-BF4B-00C04F79EFBC}") = "作业2_1", "作业2_1\作业2_1.csproj", "{5C89A158-A912-4B3F-8EAD-5D0448E15E78}"
EndProject
Project("{FAE04EC0-301F-11D3-BF4B-00C04F79EFBC}") = "作业2_2", "作业2_2\作业2_2.csproj", "{A185F18E-C63F-45DA-A57F-37D7E735658D}"
EndProject
Project("{FAE04EC0-301F-11D3-BF4B-00C04F79EFBC}") = "作业3_1", "作业3_1\作业3_1.csproj", "{69C689DF-0395-4305-908D-BD787147A86E}"
EndProject
Project("{FAE04EC0-301F-11D3-BF4B-00C04F79EFBC}") = "作业3_2", "作业3_2\作业3_2.csproj", "{E2A74883-2E65-4E68-9070-6B2746A79075}"
EndProject
Project("{FAE04EC0-301F-11D3-BF4B-00C04F79EFBC}") = "作业3_3", "作业3_3\作业3_3.csproj", "{A90B95C2-DADB-43FC-B108-D46096D96D69}"
EndProject
Project("{2150E333-8FDC-42A3-9474-1A3956D46DE8}") = "Solution Items", "Solution Items", "{C934A5BD-CBE6-4A3B-BEED-9CDDBC7D267F}"
	ProjectSection(SolutionItems) = preProject
		.gitattributes = .gitattributes
		.gitignore = .gitignore
		README.md = README.md
	EndProjectSection
EndProject
Global
	GlobalSection(SolutionConfigurationPlatforms) = preSolution
		Debug|Any CPU = Debug|Any CPU
		Release|Any CPU = Release|Any CPU
	EndGlobalSection
	GlobalSection(ProjectConfigurationPlatforms) = postSolution
		{D8F9AC6F-B05F-4D22-AC2B-2896926E0237}.Debug|Any CPU.ActiveCfg = Debug|Any CPU
		{D8F9AC6F-B05F-4D22-AC2B-2896926E0237}.Debug|Any CPU.Build.0 = Debug|Any CPU
		{D8F9AC6F-B05F-4D22-AC2B-2896926E0237}.Release|Any CPU.ActiveCfg = Release|Any CPU
		{D8F9AC6F-B05F-4D22-AC2B-2896926E0237}.Release|Any CPU.Build.0 = Release|Any CPU
		{AA8B0E49-111D-487C-8CF2-32F8B56391F2}.Debug|Any CPU.ActiveCfg = Debug|Any CPU
		{AA8B0E49-111D-487C-8CF2-32F8B56391F2}.Debug|Any CPU.Build.0 = Debug|Any CPU
		{AA8B0E49-111D-487C-8CF2-32F8B56391F2}.Release|Any CPU.ActiveCfg = Release|Any CPU
		{AA8B0E49-111D-487C-8CF2-32F8B56391F2}.Release|Any CPU.Build.0 = Release|Any CPU
		{AEE748A3-2C51-4DAF-BBD6-4C9C0FBB9EB5}.Debug|Any CPU.ActiveCfg = Debug|Any CPU
		{AEE748A3-2C51-4DAF-BBD6-4C9C0FBB9EB5}.Debug|Any CPU.Build.0 = Debug|Any CPU
		{AEE748A3-2C51-4DAF-BBD6-4C9C0FBB9EB5}.Release|Any CPU.ActiveCfg = Release|Any CPU
		{AEE748A3-2C51-4DAF-BBD6-4C9C0FBB9EB5}.Release|Any CPU.Build.0 = Release|Any CPU
		{4BA80E4E-8435-486A-92A3-D4B17F57FD78}.Debug|Any CPU.ActiveCfg = Debug|Any CPU
		{4BA80E4E-8435-486A-92A3-D4B17F57FD78}.Debug|Any CPU.Build.0 = Debug|Any CPU
		{4BA80E4E-8435-486A-92A3-D4B17F57FD78}.Release|Any CPU.ActiveCfg = Release|Any CPU
		{4BA80E4E-8435-486A-92A3-D4B17F57FD78}.Release|Any CPU.Build.0 = Release|Any CPU
		{5C89A158-A912-4B3F-8EAD-5D0448E15E78}.Debug|Any CPU.ActiveCfg = Debug|Any CPU
		{5C89A158-A912-4B3F-8EAD-5D0448E15E78}.Debug|Any CPU.Build.0 = Debug|Any CPU
		{5C89A158-A912-4B3F-8EAD-5D0448E15E78}.Release|Any CPU.ActiveCfg = Release|Any CPU
		{5C89A158-A912-4B3F-8EAD-5D0448E15E78}.Release|Any CPU.Build.0 = Release|Any CPU
		{A185F18E-C63F-45DA-A57F-37D7E735658D}.Debug|Any CPU.ActiveCfg = Debug|Any CPU
		{A185F18E-C63F-45DA-A57F-37D7E735658D}.Debug|Any CPU.Build.0 = Debug|Any CPU
		{A185F18E-C63F-45DA-A57F-37D7E735658D}.Release|Any CPU.ActiveCfg = Release|Any CPU
		{A185F18E-C63F-45DA-A57F-37D7E735658D}.Release|Any CPU.Build.0 = Release|Any CPU
		{69C689DF-0395-4305-908D-BD787147A86E}.Debug|Any CPU.ActiveCfg = Debug|Any CPU
		{69C689DF-0395-4305-908D-BD787147A86E}.Debug|Any CPU.Build.0 = Debug|Any CPU
		{69C689DF-0395-4305-908D-BD787147A86E}.Release|Any CPU.ActiveCfg = Release|Any CPU
		{69C689DF-0395-4305-908D-BD787147A86E}.Release|Any CPU.Build.0 = Release|Any CPU
		{E2A74883-2E65-4E68-9070-6B2746A79075}.Debug|Any CPU.ActiveCfg = Debug|Any CPU
		{E2A74883-2E65-4E68-9070-6B2746A79075}.Debug|Any CPU.Build.0 = Debug|Any CPU
		{E2A74883-2E65-4E68-9070-6B2746A79075}.Release|Any CPU.ActiveCfg = Release|Any CPU
		{E2A74883-2E65-4E68-9070-6B2746A79075}.Release|Any CPU.Build.0 = Release|Any CPU
		{A90B95C2-DADB-43FC-B108-D46096D96D69}.Debug|Any CPU.ActiveCfg = Debug|Any CPU
		{A90B95C2-DADB-43FC-B108-D46096D96D69}.Debug|Any CPU.Build.0 = Debug|Any CPU
		{A90B95C2-DADB-43FC-B108-D46096D96D69}.Release|Any CPU.ActiveCfg = Release|Any CPU
		{A90B95C2-DADB-43FC-B108-D46096D96D69}.Release|Any CPU.Build.0 = Release|Any CPU
	EndGlobalSection
	GlobalSection(SolutionProperties) = preSolution
		HideSolutionNode = FALSE
	EndGlobalSection
EndGlobal
